
Microsoft Visual Studio Solution File, Format Version 12.00
# Visual Studio Version 17
VisualStudioVersion = 17.14.37111.16 d17.14
MinimumVisualStudioVersion = 10.0.40219.1
Project("{FAE04EC0-301F-11D3-BF4B-00C04F79EFBC}") = "Echo", "Echo.csproj", "{64BD54E0-3A71-4845-907D-F2927D663E15}"
EndProject
Global
	GlobalSection(SolutionConfigurationPlatforms) = preSolution
		Debug|Any CPU = Debug|Any CPU
		Release|Any CPU = Release|Any CPU
	EndGlobalSection
	GlobalSection(ProjectConfigurationPlatforms) = postSolution
		{64BD54E0-3A71-4845-907D-F2927D663E15}.Debug|Any CPU.ActiveCfg = Debug|Any CPU
		{64BD54E0-3A71-4845-907D-F2927D663E15}.Debug|Any CPU.Build.0 = Debug|Any CPU
		{64BD54E0-3A71-4845-907D-F2927D663E15}.Release|Any CPU.ActiveCfg = Release|Any CPU
		{64BD54E0-3A71-4845-907D-F2927D663E15}.Release|Any CPU.Build.0 = Release|Any CPU
	EndGlobalSection
	GlobalSection(SolutionProperties) = preSolution
		HideSolutionNode = FALSE
	EndGlobalSection
	GlobalSection(ExtensibilityGlobals) = postSolution
		SolutionGuid = {36DE19CE-5829-49BC-BE81-EF0FEDFF52A5}
	EndGlobalSection
EndGlobal
